
Microsoft Visual Studio Solution File, Format Version 12.00
# Visual Studio Version 16
VisualStudioVersion = 16.0.29201.188
MinimumVisualStudioVersion = 10.0.40219.1
Project("{FAE04EC0-301F-11D3-BF4B-00C04F79EFBC}") = "WCFChat", "WCFChat\WCFChat.csproj", "{EB518841-38DF-4EDD-8B0C-733E627F0B8F}"
EndProject
Project("{FAE04EC0-301F-11D3-BF4B-00C04F79EFBC}") = "WCFHost", "WCFHost\WCFHost.csproj", "{BFCD4EB9-D6E0-4085-BB39-67D231AEDF62}"
EndProject
Project("{FAE04EC0-301F-11D3-BF4B-00C04F79EFBC}") = "WCFChatClient", "WCFChatClient\WCFChatClient.csproj", "{CDAB150F-D114-45C9-8A2C-C8F733A9E634}"
EndProject
Global
	GlobalSection(SolutionConfigurationPlatforms) = preSolution
		Debug|Any CPU = Debug|Any CPU
		Release|Any CPU = Release|Any CPU
	EndGlobalSection
	GlobalSection(ProjectConfigurationPlatforms) = postSolution
		{EB518841-38DF-4EDD-8B0C-733E627F0B8F}.Debug|Any CPU.ActiveCfg = Debug|Any CPU
		{EB518841-38DF-4EDD-8B0C-733E627F0B8F}.Debug|Any CPU.Build.0 = Debug|Any CPU
		{EB518841-38DF-4EDD-8B0C-733E627F0B8F}.Release|Any CPU.ActiveCfg = Release|Any CPU
		{EB518841-38DF-4EDD-8B0C-733E627F0B8F}.Release|Any CPU.Build.0 = Release|Any CPU
		{BFCD4EB9-D6E0-4085-BB39-67D231AEDF62}.Debug|Any CPU.ActiveCfg = Debug|Any CPU
		{BFCD4EB9-D6E0-4085-BB39-67D231AEDF62}.Debug|Any CPU.Build.0 = Debug|Any CPU
		{BFCD4EB9-D6E0-4085-BB39-67D231AEDF62}.Release|Any CPU.ActiveCfg = Release|Any CPU
		{BFCD4EB9-D6E0-4085-BB39-67D231AEDF62}.Release|Any CPU.Build.0 = Release|Any CPU
		{CDAB150F-D114-45C9-8A2C-C8F733A9E634}.Debug|Any CPU.ActiveCfg = Debug|Any CPU
		{CDAB150F-D114-45C9-8A2C-C8F733A9E634}.Debug|Any CPU.Build.0 = Debug|Any CPU
		{CDAB150F-D114-45C9-8A2C-C8F733A9E634}.Release|Any CPU.ActiveCfg = Release|Any CPU
		{CDAB150F-D114-45C9-8A2C-C8F733A9E634}.Release|Any CPU.Build.0 = Release|Any CPU
	EndGlobalSection
	GlobalSection(SolutionProperties) = preSolution
		HideSolutionNode = FALSE
	EndGlobalSection
	GlobalSection(ExtensibilityGlobals) = postSolution
		SolutionGuid = {CEFEE47A-3090-42E9-8616-28D588F67E4A}
	EndGlobalSection
EndGlobal
